
Microsoft Visual Studio Solution File, Format Version 12.00
# Visual Studio 2013
VisualStudioVersion = 12.0.31101.0
MinimumVisualStudioVersion = 10.0.40219.1
Project("{FAE04EC0-301F-11D3-BF4B-00C04F79EFBC}") = "project Ayubo 1", "project Ayubo 1\project Ayubo 1.csproj", "{06C6FBC5-FD4A-4843-BF6A-803077DE951C}"
EndProject
Global
	GlobalSection(SolutionConfigurationPlatforms) = preSolution
		Debug|Any CPU = Debug|Any CPU
		Release|Any CPU = Release|Any CPU
	EndGlobalSection
	GlobalSection(ProjectConfigurationPlatforms) = postSolution
		{06C6FBC5-FD4A-4843-BF6A-803077DE951C}.Debug|Any CPU.ActiveCfg = Debug|Any CPU
		{06C6FBC5-FD4A-4843-BF6A-803077DE951C}.Debug|Any CPU.Build.0 = Debug|Any CPU
		{06C6FBC5-FD4A-4843-BF6A-803077DE951C}.Release|Any CPU.ActiveCfg = Release|Any CPU
		{06C6FBC5-FD4A-4843-BF6A-803077DE951C}.Release|Any CPU.Build.0 = Release|Any CPU
	EndGlobalSection
	GlobalSection(SolutionProperties) = preSolution
		HideSolutionNode = FALSE
	EndGlobalSection
EndGlobal
